
Microsoft Visual Studio Solution File, Format Version 12.00
# Visual Studio Version 16
VisualStudioVersion = 16.0.31105.61
MinimumVisualStudioVersion = 10.0.40219.1
Project("{FAE04EC0-301F-11D3-BF4B-00C04F79EFBC}") = "AudioNoteTrello", "AudioNoteTrello\AudioNoteTrello.csproj", "{57583D65-B174-4648-B909-30AA731745B6}"
EndProject
Global
	GlobalSection(SolutionConfigurationPlatforms) = preSolution
		Debug|Any CPU = Debug|Any CPU
		Release|Any CPU = Release|Any CPU
	EndGlobalSection
	GlobalSection(ProjectConfigurationPlatforms) = postSolution
		{57583D65-B174-4648-B909-30AA731745B6}.Debug|Any CPU.ActiveCfg = Debug|Any CPU
		{57583D65-B174-4648-B909-30AA731745B6}.Debug|Any CPU.Build.0 = Debug|Any CPU
		{57583D65-B174-4648-B909-30AA731745B6}.Debug|Any CPU.Deploy.0 = Debug|Any CPU
		{57583D65-B174-4648-B909-30AA731745B6}.Release|Any CPU.ActiveCfg = Release|Any CPU
		{57583D65-B174-4648-B909-30AA731745B6}.Release|Any CPU.Build.0 = Release|Any CPU
		{57583D65-B174-4648-B909-30AA731745B6}.Release|Any CPU.Deploy.0 = Release|Any CPU
	EndGlobalSection
	GlobalSection(SolutionProperties) = preSolution
		HideSolutionNode = FALSE
	EndGlobalSection
	GlobalSection(ExtensibilityGlobals) = postSolution
		SolutionGuid = {8604C898-A0D1-4C2A-994F-55CB48416D41}
	EndGlobalSection
EndGlobal
